
Microsoft Visual Studio Solution File, Format Version 12.00
# Visual Studio Version 17
VisualStudioVersion = 17.4.33110.190
MinimumVisualStudioVersion = 10.0.40219.1
Project("{8BC9CEB8-8B4A-11D0-8D11-00A0C91BC942}") = "BoxingGame", "BoxingGame.vcxproj", "{AC09D6C4-A29D-47E7-8FDD-E6C544AC61E0}"
EndProject
Global
	GlobalSection(SolutionConfigurationPlatforms) = preSolution
		Debug|x64 = Debug|x64
		Debug|x86 = Debug|x86
		Release|x64 = Release|x64
		Release|x86 = Release|x86
	EndGlobalSection
	GlobalSection(ProjectConfigurationPlatforms) = postSolution
		{AC09D6C4-A29D-47E7-8FDD-E6C544AC61E0}.Debug|x64.ActiveCfg = Debug|x64
		{AC09D6C4-A29D-47E7-8FDD-E6C544AC61E0}.Debug|x64.Build.0 = Debug|x64
		{AC09D6C4-A29D-47E7-8FDD-E6C544AC61E0}.Debug|x86.ActiveCfg = Debug|Win32
		{AC09D6C4-A29D-47E7-8FDD-E6C544AC61E0}.Debug|x86.Build.0 = Debug|Win32
		{AC09D6C4-A29D-47E7-8FDD-E6C544AC61E0}.Release|x64.ActiveCfg = Release|x64
		{AC09D6C4-A29D-47E7-8FDD-E6C544AC61E0}.Release|x64.Build.0 = Release|x64
		{AC09D6C4-A29D-47E7-8FDD-E6C544AC61E0}.Release|x86.ActiveCfg = Release|Win32
		{AC09D6C4-A29D-47E7-8FDD-E6C544AC61E0}.Release|x86.Build.0 = Release|Win32
	EndGlobalSection
	GlobalSection(SolutionProperties) = preSolution
		HideSolutionNode = FALSE
	EndGlobalSection
	GlobalSection(ExtensibilityGlobals) = postSolution
		SolutionGuid = {1C1B85EF-0BA3-489E-813C-C051F601444C}
	EndGlobalSection
EndGlobal
